
Microsoft Visual Studio Solution File, Format Version 12.00
# Visual Studio 2012
Project("{8BC9CEB8-8B4A-11D0-8D11-00A0C91BC942}") = "HIP_2014-04-19_patch1", "HIP_2014-04-19_patch1\HIP_2014-04-19_patch1.vcxproj", "{292BC2FE-6A3F-407D-B668-271DB917A73F}"
EndProject
Global
	GlobalSection(SolutionConfigurationPlatforms) = preSolution
		Debug|Win32 = Debug|Win32
		Release|Win32 = Release|Win32
	EndGlobalSection
	GlobalSection(ProjectConfigurationPlatforms) = postSolution
		{292BC2FE-6A3F-407D-B668-271DB917A73F}.Debug|Win32.ActiveCfg = Release|Win32
		{292BC2FE-6A3F-407D-B668-271DB917A73F}.Debug|Win32.Build.0 = Release|Win32
		{292BC2FE-6A3F-407D-B668-271DB917A73F}.Debug|Win32.Deploy.0 = Release|Win32
		{292BC2FE-6A3F-407D-B668-271DB917A73F}.Release|Win32.ActiveCfg = Release|Win32
		{292BC2FE-6A3F-407D-B668-271DB917A73F}.Release|Win32.Build.0 = Release|Win32
	EndGlobalSection
	GlobalSection(SolutionProperties) = preSolution
		HideSolutionNode = FALSE
	EndGlobalSection
EndGlobal
